PODS:
  - Flutter (1.0.0)
  - flutter_billing_plugin (0.0.1):
    - Flutter

DEPENDENCIES:
  - Flutter (from `Flutter`)
  - flutter_billing_plugin (from `.symlinks/plugins/flutter_billing_plugin/ios`)

EXTERNAL SOURCES:
  Flutter:
    :path: Flutter
  flutter_billing_plugin:
    :path: ".symlinks/plugins/flutter_billing_plugin/ios"

SPEC CHECKSUMS:
  Flutter: 50d75fe2f02b26cc09d224853bb45737f8b3214a
  flutter_billing_plugin: c7036777c09bc72c6f13db0783ee7f5f40ce977e

PODFILE CHECKSUM: aafe91acc616949ddb318b77800a7f51bffa2a4c

COCOAPODS: 1.11.2
